// !$*UTF8*$!
{
	archiveVersion = 1;
	classes = {
	};
	objectVersion = 50;
	objects = {

/* Begin PBXBuildFile section */
		5586CBBE212E537000DFF56E /* AppDelegate.swift in Sources */ = {isa = PBXBuildFile; fileRef = 5586CBBD212E537000DFF56E /* AppDelegate.swift */; };
		5586CBC0212E537000DFF56E /* ViewController.swift in Sources */ = {isa = PBXBuildFile; fileRef = 5586CBBF212E537000DFF56E /* ViewController.swift */; };
		5586CBC3212E537000DFF56E /* Main.storyboard in Resources */ = {isa = PBXBuildFile; fileRef = 5586CBC1212E537000DFF56E /* Main.storyboard */; };
		5586CBC5212E537900DFF56E /* Assets.xcassets in Resources */ = {isa = PBXBuildFile; fileRef = 5586CBC4212E537900DFF56E /* Assets.xcassets */; };
		5586CBC8212E537900DFF56E /* LaunchScreen.storyboard in Resources */ = {isa = PBXBuildFile; fileRef = 5586CBC6212E537900DFF56E /* LaunchScreen.storyboard */; };
		5586CBD3212E537900DFF56E /* fotozou_imagegetterTests.swift in Sources */ = {isa = PBXBuildFile; fileRef = 5586CBD2212E537900DFF56E /* fotozou_imagegetterTests.swift */; };
		5586CBDE212E537900DFF56E /* fotozou_imagegetterUITests.swift in Sources */ = {isa = PBXBuildFile; fileRef = 5586CBDD212E537900DFF56E /* fotozou_imagegetterUITests.swift */; };
/* End PBXBuildFile section */

/* Begin PBXContainerItemProxy section */
		5586CBCF212E537900DFF56E /* PBXContainerItemProxy */ = {
			isa = PBXContainerItemProxy;
			containerPortal = 5586CBB2212E537000DFF56E /* Project object */;
			proxyType = 1;
			remoteGlobalIDString = 5586CBB9212E537000DFF56E;
			remoteInfo = "fotozou-imagegetter";
		};
		5586CBDA212E537900DFF56E /* PBXContainerItemProxy */ = {
			isa = PBXContainerItemProxy;
			containerPortal = 5586CBB2212E537000DFF56E /* Project object */;
			proxyType = 1;
			remoteGlobalIDString = 5586CBB9212E537000DFF56E;
			remoteInfo = "fotozou-imagegetter";
		};
/* End PBXContainerItemProxy section */

/* Begin PBXFileReference section */
		5586CBBA212E537000DFF56E /* fotozou-imagegetter.app */ = {isa = PBXFileReference; explicitFileType = wrapper.application; includeInIndex = 0; path = "fotozou-imagegetter.app"; sourceTree = BUILT_PRODUCTS_DIR; };
		5586CBBD212E537000DFF56E /* AppDelegate.swift */ = {isa = PBXFileReference; lastKnownFileType = sourcecode.swift; path = AppDelegate.swift; sourceTree = "<group>"; };
		5586CBBF212E537000DFF56E /* ViewController.swift */ = {isa = PBXFileReference; lastKnownFileType = sourcecode.swift; path = ViewController.swift; sourceTree = "<group>"; };
		5586CBC2212E537000DFF56E /* Base */ = {isa = PBXFileReference; lastKnownFileType = file.storyboard; name = Base; path = Base.lproj/Main.storyboard; sourceTree = "<group>"; };
		5586CBC4212E537900DFF56E /* Assets.xcassets */ = {isa = PBXFileReference; lastKnownFileType = folder.assetcatalog; path = Assets.xcassets; sourceTree = "<group>"; };
		5586CBC7212E537900DFF56E /* Base */ = {isa = PBXFileReference; lastKnownFileType = file.storyboard; name = Base; path = Base.lproj/LaunchScreen.storyboard; sourceTree = "<group>"; };
		5586CBC9212E537900DFF56E /* Info.plist */ = {isa = PBXFileReference; lastKnownFileType = text.plist.xml; path = Info.plist; sourceTree = "<group>"; };
		5586CBCE212E537900DFF56E /* fotozou-imagegetterTests.xctest */ = {isa = PBXFileReference; explicitFileType = wrapper.cfbundle; includeInIndex = 0; path = "fotozou-imagegetterTests.xctest"; sourceTree = BUILT_PRODUCTS_DIR; };
		5586CBD2212E537900DFF56E /* fotozou_imagegetterTests.swift */ = {isa = PBXFileReference; lastKnownFileType = sourcecode.swift; path = fotozou_imagegetterTests.swift; sourceTree = "<group>"; };
		5586CBD4212E537900DFF56E /* Info.plist */ = {isa = PBXFileReference; lastKnownFileType = text.plist.xml; path = Info.plist; sourceTree = "<group>"; };
		5586CBD9212E537900DFF56E /* fotozou-imagegetterUITests.xctest */ = {isa = PBXFileReference; explicitFileType = wrapper.cfbundle; includeInIndex = 0; path = "fotozou-imagegetterUITests.xctest"; sourceTree = BUILT_PRODUCTS_DIR; };
		5586CBDD212E537900DFF56E /* fotozou_imagegetterUITests.swift */ = {isa = PBXFileReference; lastKnownFileType = sourcecode.swift; path = fotozou_imagegetterUITests.swift; sourceTree = "<group>"; };
		5586CBDF212E537900DFF56E /* Info.plist */ = {isa = PBXFileReference; lastKnownFileType = text.plist.xml; path = Info.plist; sourceTree = "<group>"; };
/* End PBXFileReference section */

/* Begin PBXFrameworksBuildPhase section */
		5586CBB7212E537000DFF56E /* Frameworks */ = {
			isa = PBXFrameworksBuildPhase;
			buildActionMask = 2147483647;
			files = (
			);
			runOnlyForDeploymentPostprocessing = 0;
		};
		5586CBCB212E537900DFF56E /* Frameworks */ = {
			isa = PBXFrameworksBuildPhase;
			buildActionMask = 2147483647;
			files = (
			);
			runOnlyForDeploymentPostprocessing = 0;
		};
		5586CBD6212E537900DFF56E /* Frameworks */ = {
			isa = PBXFrameworksBuildPhase;
			buildActionMask = 2147483647;
			files = (
			);
			runOnlyForDeploymentPostprocessing = 0;
		};
/* End PBXFrameworksBuildPhase section */

/* Begin PBXGroup section */
		5586CBB1212E537000DFF56E = {
			isa = PBXGroup;
			children = (
				5586CBBC212E537000DFF56E /* fotozou-imagegetter */,
				5586CBD1212E537900DFF56E /* fotozou-imagegetterTests */,
				5586CBDC212E537900DFF56E /* fotozou-imagegetterUITests */,
				5586CBBB212E537000DFF56E /* Products */,
			);
			sourceTree = "<group>";
		};
		5586CBBB212E537000DFF56E /* Products */ = {
			isa = PBXGroup;
			children = (
				5586CBBA212E537000DFF56E /* fotozou-imagegetter.app */,
				5586CBCE212E537900DFF56E /* fotozou-imagegetterTests.xctest */,
				5586CBD9212E537900DFF56E /* fotozou-imagegetterUITests.xctest */,
			);
			name = Products;
			sourceTree = "<group>";
		};
		5586CBBC212E537000DFF56E /* fotozou-imagegetter */ = {
			isa = PBXGroup;
			children = (
				5586CBBD212E537000DFF56E /* AppDelegate.swift */,
				5586CBBF212E537000DFF56E /* ViewController.swift */,
				5586CBC1212E537000DFF56E /* Main.storyboard */,
				5586CBC4212E537900DFF56E /* Assets.xcassets */,
				5586CBC6212E537900DFF56E /* LaunchScreen.storyboard */,
				5586CBC9212E537900DFF56E /* Info.plist */,
			);
			path = "fotozou-imagegetter";
			sourceTree = "<group>";
		};
		5586CBD1212E537900DFF56E /* fotozou-imagegetterTests */ = {
			isa = PBXGroup;
			children = (
				5586CBD2212E537900DFF56E /* fotozou_imagegetterTests.swift */,
				5586CBD4212E537900DFF56E /* Info.plist */,
			);
			path = "fotozou-imagegetterTests";
			sourceTree = "<group>";
		};
		5586CBDC212E537900DFF56E /* fotozou-imagegetterUITests */ = {
			isa = PBXGroup;
			children = (
				5586CBDD212E537900DFF56E /* fotozou_imagegetterUITests.swift */,
				5586CBDF212E537900DFF56E /* Info.plist */,
			);
			path = "fotozou-imagegetterUITests";
			sourceTree = "<group>";
		};
/* End PBXGroup section */

/* Begin PBXNativeTarget section */
		5586CBB9212E537000DFF56E /* fotozou-imagegetter */ = {
			isa = PBXNativeTarget;
			buildConfigurationList = 5586CBE2212E537900DFF56E /* Build configuration list for PBXNativeTarget "fotozou-imagegetter" */;
			buildPhases = (
				5586CBB6212E537000DFF56E /* Sources */,
				5586CBB7212E537000DFF56E /* Frameworks */,
				5586CBB8212E537000DFF56E /* Resources */,
			);
			buildRules = (
			);
			dependencies = (
			);
			name = "fotozou-imagegetter";
			productName = "fotozou-imagegetter";
			productReference = 5586CBBA212E537000DFF56E /* fotozou-imagegetter.app */;
			productType = "com.apple.product-type.application";
		};
		5586CBCD212E537900DFF56E /* fotozou-imagegetterTests */ = {
			isa = PBXNativeTarget;
			buildConfigurationList = 5586CBE5212E537900DFF56E /* Build configuration list for PBXNativeTarget "fotozou-imagegetterTests" */;
			buildPhases = (
				5586CBCA212E537900DFF56E /* Sources */,
				5586CBCB212E537900DFF56E /* Frameworks */,
				5586CBCC212E537900DFF56E /* Resources */,
			);
			buildRules = (
			);
			dependencies = (
				5586CBD0212E537900DFF56E /* PBXTargetDependency */,
			);
			name = "fotozou-imagegetterTests";
			productName = "fotozou-imagegetterTests";
			productReference = 5586CBCE212E537900DFF56E /* fotozou-imagegetterTests.xctest */;
			productType = "com.apple.product-type.bundle.unit-test";
		};
		5586CBD8212E537900DFF56E /* fotozou-imagegetterUITests */ = {
			isa = PBXNativeTarget;
			buildConfigurationList = 5586CBE8212E537900DFF56E /* Build configuration list for PBXNativeTarget "fotozou-imagegetterUITests" */;
			buildPhases = (
				5586CBD5212E537900DFF56E /* Sources */,
				5586CBD6212E537900DFF56E /* Frameworks */,
				5586CBD7212E537900DFF56E /* Resources */,
			);
			buildRules = (
			);
			dependencies = (
				5586CBDB212E537900DFF56E /* PBXTargetDependency */,
			);
			name = "fotozou-imagegetterUITests";
			productName = "fotozou-imagegetterUITests";
			productReference = 5586CBD9212E537900DFF56E /* fotozou-imagegetterUITests.xctest */;
			productType = "com.apple.product-type.bundle.ui-testing";
		};
/* End PBXNativeTarget section */

/* Begin PBXProject section */
		5586CBB2212E537000DFF56E /* Project object */ = {
			isa = PBXProject;
			attributes = {
				LastSwiftUpdateCheck = 0930;
				LastUpgradeCheck = 0930;
				ORGANIZATIONNAME = "Kohei Masumi";
				TargetAttributes = {
					5586CBB9212E537000DFF56E = {
						CreatedOnToolsVersion = 9.3;
					};
					5586CBCD212E537900DFF56E = {
						CreatedOnToolsVersion = 9.3;
						TestTargetID = 5586CBB9212E537000DFF56E;
					};
					5586CBD8212E537900DFF56E = {
						CreatedOnToolsVersion = 9.3;
						TestTargetID = 5586CBB9212E537000DFF56E;
					};
				};
			};
			buildConfigurationList = 5586CBB5212E537000DFF56E /* Build configuration list for PBXProject "fotozou-imagegetter" */;
			compatibilityVersion = "Xcode 9.3";
			developmentRegion = en;
			hasScannedForEncodings = 0;
			knownRegions = (
				en,
				Base,
			);
			mainGroup = 5586CBB1212E537000DFF56E;
			productRefGroup = 5586CBBB212E537000DFF56E /* Products */;
			projectDirPath = "";
			projectRoot = "";
			targets = (
				5586CBB9212E537000DFF56E /* fotozou-imagegetter */,
				5586CBCD212E537900DFF56E /* fotozou-imagegetterTests */,
				5586CBD8212E537900DFF56E /* fotozou-imagegetterUITests */,
			);
		};
/* End PBXProject section */

/* Begin PBXResourcesBuildPhase section */
		5586CBB8212E537000DFF56E /* Resources */ = {
			isa = PBXResourcesBuildPhase;
			buildActionMask = 2147483647;
			files = (
				5586CBC8212E537900DFF56E /* LaunchScreen.storyboard in Resources */,
				5586CBC5212E537900DFF56E /* Assets.xcassets in Resources */,
				5586CBC3212E537000DFF56E /* Main.storyboard in Resources */,
			);
			runOnlyForDeploymentPostprocessing = 0;
		};
		5586CBCC212E537900DFF56E /* Resources */ = {
			isa = PBXResourcesBuildPhase;
			buildActionMask = 2147483647;
			files = (
			);
			runOnlyForDeploymentPostprocessing = 0;
		};
		5586CBD7212E537900DFF56E /* Resources */ = {
			isa = PBXResourcesBuildPhase;
			buildActionMask = 2147483647;
			files = (
			);
			runOnlyForDeploymentPostprocessing = 0;
		};
/* End PBXResourcesBuildPhase section */

/* Begin PBXSourcesBuildPhase section */
		5586CBB6212E537000DFF56E /* Sources */ = {
			isa = PBXSourcesBuildPhase;
			buildActionMask = 2147483647;
			files = (
				5586CBC0212E537000DFF56E /* ViewController.swift in Sources */,
				5586CBBE212E537000DFF56E /* AppDelegate.swift in Sources */,
			);
			runOnlyForDeploymentPostprocessing = 0;
		};
		5586CBCA212E537900DFF56E /* Sources */ = {
			isa = PBXSourcesBuildPhase;
			buildActionMask = 2147483647;
			files = (
				5586CBD3212E537900DFF56E /* fotozou_imagegetterTests.swift in Sources */,
			);
			runOnlyForDeploymentPostprocessing = 0;
		};
		5586CBD5212E537900DFF56E /* Sources */ = {
			isa = PBXSourcesBuildPhase;
			buildActionMask = 2147483647;
			files = (
				5586CBDE212E537900DFF56E /* fotozou_imagegetterUITests.swift in Sources */,
			);
			runOnlyForDeploymentPostprocessing = 0;
		};
/* End PBXSourcesBuildPhase section */

/* Begin PBXTargetDependency section */
		5586CBD0212E537900DFF56E /* PBXTargetDependency */ = {
			isa = PBXTargetDependency;
			target = 5586CBB9212E537000DFF56E /* fotozou-imagegetter */;
			targetProxy = 5586CBCF212E537900DFF56E /* PBXContainerItemProxy */;
		};
		5586CBDB212E537900DFF56E /* PBXTargetDependency */ = {
			isa = PBXTargetDependency;
			target = 5586CBB9212E537000DFF56E /* fotozou-imagegetter */;
			targetProxy = 5586CBDA212E537900DFF56E /* PBXContainerItemProxy */;
		};
/* End PBXTargetDependency section */

/* Begin PBXVariantGroup section */
		5586CBC1212E537000DFF56E /* Main.storyboard */ = {
			isa = PBXVariantGroup;
			children = (
				5586CBC2212E537000DFF56E /* Base */,
			);
			name = Main.storyboard;
			sourceTree = "<group>";
		};
		5586CBC6212E537900DFF56E /* LaunchScreen.storyboard */ = {
			isa = PBXVariantGroup;
			children = (
				5586CBC7212E537900DFF56E /* Base */,
			);
			name = LaunchScreen.storyboard;
			sourceTree = "<group>";
		};
/* End PBXVariantGroup section */

/* Begin XCBuildConfiguration section */
		5586CBE0212E537900DFF56E /* Debug */ = {
			isa = XCBuildConfiguration;
			buildSettings = {
				ALWAYS_SEARCH_USER_PATHS = NO;
				CLANG_ANALYZER_NONNULL = YES;
				CLANG_ANALYZER_NUMBER_OBJECT_CONVERSION = YES_AGGRESSIVE;
				CLANG_CXX_LANGUAGE_STANDARD = "gnu++14";
				CLANG_CXX_LIBRARY = "libc++";
				CLANG_ENABLE_MODULES = YES;
				CLANG_ENABLE_OBJC_ARC = YES;
				CLANG_ENABLE_OBJC_WEAK = YES;
				CLANG_WARN_BLOCK_CAPTURE_AUTORELEASING = YES;
				CLANG_WARN_BOOL_CONVERSION = YES;
				CLANG_WARN_COMMA = YES;
				CLANG_WARN_CONSTANT_CONVERSION = YES;
				CLANG_WARN_DEPRECATED_OBJC_IMPLEMENTATIONS = YES;
				CLANG_WARN_DIRECT_OBJC_ISA_USAGE = YES_ERROR;
				CLANG_WARN_DOCUMENTATION_COMMENTS = YES;
				CLANG_WARN_EMPTY_BODY = YES;
				CLANG_WARN_ENUM_CONVERSION = YES;
				CLANG_WARN_INFINITE_RECURSION = YES;
				CLANG_WARN_INT_CONVERSION = YES;
				CLANG_WARN_NON_LITERAL_NULL_CONVERSION = YES;
				CLANG_WARN_OBJC_IMPLICIT_RETAIN_SELF = YES;
				CLANG_WARN_OBJC_LITERAL_CONVERSION = YES;
				CLANG_WARN_OBJC_ROOT_CLASS = YES_ERROR;
				CLANG_WARN_RANGE_LOOP_ANALYSIS = YES;
				CLANG_WARN_STRICT_PROTOTYPES = YES;
				CLANG_WARN_SUSPICIOUS_MOVE = YES;
				CLANG_WARN_UNGUARDED_AVAILABILITY = YES_AGGRESSIVE;
				CLANG_WARN_UNREACHABLE_CODE = YES;
				CLANG_WARN__DUPLICATE_METHOD_MATCH = YES;
				CODE_SIGN_IDENTITY = "iPhone Developer";
				COPY_PHASE_STRIP = NO;
				DEBUG_INFORMATION_FORMAT = dwarf;
				ENABLE_STRICT_OBJC_MSGSEND = YES;
				ENABLE_TESTABILITY = YES;
				GCC_C_LANGUAGE_STANDARD = gnu11;
				GCC_DYNAMIC_NO_PIC = NO;
				GCC_NO_COMMON_BLOCKS = YES;
				GCC_OPTIMIZATION_LEVEL = 0;
				GCC_PREPROCESSOR_DEFINITIONS = (
					"DEBUG=1",
					"$(inherited)",
				);
				GCC_WARN_64_TO_32_BIT_CONVERSION = YES;
				GCC_WARN_ABOUT_RETURN_TYPE = YES_ERROR;
				GCC_WARN_UNDECLARED_SELECTOR = YES;
				GCC_WARN_UNINITIALIZED_AUTOS = YES_AGGRESSIVE;
				GCC_WARN_UNUSED_FUNCTION = YES;
				GCC_WARN_UNUSED_VARIABLE = YES;
				IPHONEOS_DEPLOYMENT_TARGET = 11.3;
				MTL_ENABLE_DEBUG_INFO = YES;
				ONLY_ACTIVE_ARCH = YES;
				SDKROOT = iphoneos;
				SWIFT_ACTIVE_COMPILATION_CONDITIONS = DEBUG;
				SWIFT_OPTIMIZATION_LEVEL = "-Onone";
			};
			name = Debug;
		};
		5586CBE1212E537900DFF56E /* Release */ = {
			isa = XCBuildConfiguration;
			buildSettings = {
				ALWAYS_SEARCH_USER_PATHS = NO;
				CLANG_ANALYZER_NONNULL = YES;
				CLANG_ANALYZER_NUMBER_OBJECT_CONVERSION = YES_AGGRESSIVE;
				CLANG_CXX_LANGUAGE_STANDARD = "gnu++14";
				CLANG_CXX_LIBRARY = "libc++";
				CLANG_ENABLE_MODULES = YES;
				CLANG_ENABLE_OBJC_ARC = YES;
				CLANG_ENABLE_OBJC_WEAK = YES;
				CLANG_WARN_BLOCK_CAPTURE_AUTORELEASING = YES;
				CLANG_WARN_BOOL_CONVERSION = YES;
				CLANG_WARN_COMMA = YES;
				CLANG_WARN_CONSTANT_CONVERSION = YES;
				CLANG_WARN_DEPRECATED_OBJC_IMPLEMENTATIONS = YES;
				CLANG_WARN_DIRECT_OBJC_ISA_USAGE = YES_ERROR;
				CLANG_WARN_DOCUMENTATION_COMMENTS = YES;
				CLANG_WARN_EMPTY_BODY = YES;
				CLANG_WARN_ENUM_CONVERSION = YES;
				CLANG_WARN_INFINITE_RECURSION = YES;
				CLANG_WARN_INT_CONVERSION = YES;
				CLANG_WARN_NON_LITERAL_NULL_CONVERSION = YES;
				CLANG_WARN_OBJC_IMPLICIT_RETAIN_SELF = YES;
				CLANG_WARN_OBJC_LITERAL_CONVERSION = YES;
				CLANG_WARN_OBJC_ROOT_CLASS = YES_ERROR;
				CLANG_WARN_RANGE_LOOP_ANALYSIS = YES;
				CLANG_WARN_STRICT_PROTOTYPES = YES;
				CLANG_WARN_SUSPICIOUS_MOVE = YES;
				CLANG_WARN_UNGUARDED_AVAILABILITY = YES_AGGRESSIVE;
				CLANG_WARN_UNREACHABLE_CODE = YES;
				CLANG_WARN__DUPLICATE_METHOD_MATCH = YES;
				CODE_SIGN_IDENTITY = "iPhone Developer";
				COPY_PHASE_STRIP = NO;
				DEBUG_INFORMATION_FORMAT = "dwarf-with-dsym";
				ENABLE_NS_ASSERTIONS = NO;
				ENABLE_STRICT_OBJC_MSGSEND = YES;
				GCC_C_LANGUAGE_STANDARD = gnu11;
				GCC_NO_COMMON_BLOCKS = YES;
				GCC_WARN_64_TO_32_BIT_CONVERSION = YES;
				GCC_WARN_ABOUT_RETURN_TYPE = YES_ERROR;
				GCC_WARN_UNDECLARED_SELECTOR = YES;
				GCC_WARN_UNINITIALIZED_AUTOS = YES_AGGRESSIVE;
				GCC_WARN_UNUSED_FUNCTION = YES;
				GCC_WARN_UNUSED_VARIABLE = YES;
				IPHONEOS_DEPLOYMENT_TARGET = 11.3;
				MTL_ENABLE_DEBUG_INFO = NO;
				SDKROOT = iphoneos;
				SWIFT_COMPILATION_MODE = wholemodule;
				SWIFT_OPTIMIZATION_LEVEL = "-O";
				VALIDATE_PRODUCT = YES;
			};
			name = Release;
		};
		5586CBE3212E537900DFF56E /* Debug */ = {
			isa = XCBuildConfiguration;
			buildSettings = {
				ASSETCATALOG_COMPILER_APPICON_NAME = AppIcon;
				CODE_SIGN_STYLE = Automatic;
				DEVELOPMENT_TEAM = FM86PHFGGA;
				INFOPLIST_FILE = "fotozou-imagegetter/Info.plist";
				LD_RUNPATH_SEARCH_PATHS = (
					"$(inherited)",
					"@executable_path/Frameworks",
				);
				PRODUCT_BUNDLE_IDENTIFIER = "koheimsm.fotozou-imagegetter";
				PRODUCT_NAME = "$(TARGET_NAME)";
				SWIFT_VERSION = 4.0;
				TARGETED_DEVICE_FAMILY = "1,2";
			};
			name = Debug;
		};
		5586CBE4212E537900DFF56E /* Release */ = {
			isa = XCBuildConfiguration;
			buildSettings = {
				ASSETCATALOG_COMPILER_APPICON_NAME = AppIcon;
				CODE_SIGN_STYLE = Automatic;
				DEVELOPMENT_TEAM = FM86PHFGGA;
				INFOPLIST_FILE = "fotozou-imagegetter/Info.plist";
				LD_RUNPATH_SEARCH_PATHS = (
					"$(inherited)",
					"@executable_path/Frameworks",
				);
				PRODUCT_BUNDLE_IDENTIFIER = "koheimsm.fotozou-imagegetter";
				PRODUCT_NAME = "$(TARGET_NAME)";
				SWIFT_VERSION = 4.0;
				TARGETED_DEVICE_FAMILY = "1,2";
			};
			name = Release;
		};
		5586CBE6212E537900DFF56E /* Debug */ = {
			isa = XCBuildConfiguration;
			buildSettings = {
				ALWAYS_EMBED_SWIFT_STANDARD_LIBRARIES = YES;
				BUNDLE_LOADER = "$(TEST_HOST)";
				CODE_SIGN_STYLE = Automatic;
				DEVELOPMENT_TEAM = FM86PHFGGA;
				INFOPLIST_FILE = "fotozou-imagegetterTests/Info.plist";
				LD_RUNPATH_SEARCH_PATHS = (
					"$(inherited)",
					"@executable_path/Frameworks",
					"@loader_path/Frameworks",
				);
				PRODUCT_BUNDLE_IDENTIFIER = "koheimsm.fotozou-imagegetterTests";
				PRODUCT_NAME = "$(TARGET_NAME)";
				SWIFT_VERSION = 4.0;
				TARGETED_DEVICE_FAMILY = "1,2";
				TEST_HOST = "$(BUILT_PRODUCTS_DIR)/fotozou-imagegetter.app/fotozou-imagegetter";
			};
			name = Debug;
		};
		5586CBE7212E537900DFF56E /* Release */ = {
			isa = XCBuildConfiguration;
			buildSettings = {
				ALWAYS_EMBED_SWIFT_STANDARD_LIBRARIES = YES;
				BUNDLE_LOADER = "$(TEST_HOST)";
				CODE_SIGN_STYLE = Automatic;
				DEVELOPMENT_TEAM = FM86PHFGGA;
				INFOPLIST_FILE = "fotozou-imagegetterTests/Info.plist";
				LD_RUNPATH_SEARCH_PATHS = (
					"$(inherited)",
					"@executable_path/Frameworks",
					"@loader_path/Frameworks",
				);
				PRODUCT_BUNDLE_IDENTIFIER = "koheimsm.fotozou-imagegetterTests";
				PRODUCT_NAME = "$(TARGET_NAME)";
				SWIFT_VERSION = 4.0;
				TARGETED_DEVICE_FAMILY = "1,2";
				TEST_HOST = "$(BUILT_PRODUCTS_DIR)/fotozou-imagegetter.app/fotozou-imagegetter";
			};
			name = Release;
		};
		5586CBE9212E537900DFF56E /* Debug */ = {
			isa = XCBuildConfiguration;
			buildSettings = {
				ALWAYS_EMBED_SWIFT_STANDARD_LIBRARIES = YES;
				CODE_SIGN_STYLE = Automatic;
				DEVELOPMENT_TEAM = FM86PHFGGA;
				INFOPLIST_FILE = "fotozou-imagegetterUITests/Info.plist";
				LD_RUNPATH_SEARCH_PATHS = (
					"$(inherited)",
					"@executable_path/Frameworks",
					"@loader_path/Frameworks",
				);
				PRODUCT_BUNDLE_IDENTIFIER = "koheimsm.fotozou-imagegetterUITests";
				PRODUCT_NAME = "$(TARGET_NAME)";
				SWIFT_VERSION = 4.0;
				TARGETED_DEVICE_FAMILY = "1,2";
				TEST_TARGET_NAME = "fotozou-imagegetter";
			};
			name = Debug;
		};
		5586CBEA212E537900DFF56E /* Release */ = {
			isa = XCBuildConfiguration;
			buildSettings = {
				ALWAYS_EMBED_SWIFT_STANDARD_LIBRARIES = YES;
				CODE_SIGN_STYLE = Automatic;
				DEVELOPMENT_TEAM = FM86PHFGGA;
				INFOPLIST_FILE = "fotozou-imagegetterUITests/Info.plist";
				LD_RUNPATH_SEARCH_PATHS = (
					"$(inherited)",
					"@executable_path/Frameworks",
					"@loader_path/Frameworks",
				);
				PRODUCT_BUNDLE_IDENTIFIER = "koheimsm.fotozou-imagegetterUITests";
				PRODUCT_NAME = "$(TARGET_NAME)";
				SWIFT_VERSION = 4.0;
				TARGETED_DEVICE_FAMILY = "1,2";
				TEST_TARGET_NAME = "fotozou-imagegetter";
			};
			name = Release;
		};
/* End XCBuildConfiguration section */

/* Begin XCConfigurationList section */
		5586CBB5212E537000DFF56E /* Build configuration list for PBXProject "fotozou-imagegetter" */ = {
			isa = XCConfigurationList;
			buildConfigurations = (
				5586CBE0212E537900DFF56E /* Debug */,
				5586CBE1212E537900DFF56E /* Release */,
			);
			defaultConfigurationIsVisible = 0;
			defaultConfigurationName = Release;
		};
		5586CBE2212E537900DFF56E /* Build configuration list for PBXNativeTarget "fotozou-imagegetter" */ = {
			isa = XCConfigurationList;
			buildConfigurations = (
				5586CBE3212E537900DFF56E /* Debug */,
				5586CBE4212E537900DFF56E /* Release */,
			);
			defaultConfigurationIsVisible = 0;
			defaultConfigurationName = Release;
		};
		5586CBE5212E537900DFF56E /* Build configuration list for PBXNativeTarget "fotozou-imagegetterTests" */ = {
			isa = XCConfigurationList;
			buildConfigurations = (
				5586CBE6212E537900DFF56E /* Debug */,
				5586CBE7212E537900DFF56E /* Release */,
			);
			defaultConfigurationIsVisible = 0;
			defaultConfigurationName = Release;
		};
		5586CBE8212E537900DFF56E /* Build configuration list for PBXNativeTarget "fotozou-imagegetterUITests" */ = {
			isa = XCConfigurationList;
			buildConfigurations = (
				5586CBE9212E537900DFF56E /* Debug */,
				5586CBEA212E537900DFF56E /* Release */,
			);
			defaultConfigurationIsVisible = 0;
			defaultConfigurationName = Release;
		};
/* End XCConfigurationList section */
	};
	rootObject = 5586CBB2212E537000DFF56E /* Project object */;
}
